<Solution>
  <Folder Name="/src/" />
  <Folder Name="/src/Services/">
    <Project Path="src/Services/ApiGateway/ApiGateway.csproj" />
    <Project Path="src/Services/CatalogService/CatalogService.csproj" />
    <Project Path="src/Services/OrderService/OrderService.csproj" />
  </Folder>
</Solution>
